
Microsoft Visual Studio Solution File, Format Version 12.00
# Visual Studio Version 17
VisualStudioVersion = 17.8.34525.116
MinimumVisualStudioVersion = 10.0.40219.1
Project("{FAE04EC0-301F-11D3-BF4B-00C04F79EFBC}") = "Pizza Parlour", "Pizza Parlour\Pizza Parlour.csproj", "{97C8BAF7-67D7-4DE1-9605-B36878E0A740}"
EndProject
Global
	GlobalSection(SolutionConfigurationPlatforms) = preSolution
		Debug|Any CPU = Debug|Any CPU
		Release|Any CPU = Release|Any CPU
	EndGlobalSection
	GlobalSection(ProjectConfigurationPlatforms) = postSolution
		{97C8BAF7-67D7-4DE1-9605-B36878E0A740}.Debug|Any CPU.ActiveCfg = Debug|Any CPU
		{97C8BAF7-67D7-4DE1-9605-B36878E0A740}.Debug|Any CPU.Build.0 = Debug|Any CPU
		{97C8BAF7-67D7-4DE1-9605-B36878E0A740}.Release|Any CPU.ActiveCfg = Release|Any CPU
		{97C8BAF7-67D7-4DE1-9605-B36878E0A740}.Release|Any CPU.Build.0 = Release|Any CPU
	EndGlobalSection
	GlobalSection(SolutionProperties) = preSolution
		HideSolutionNode = FALSE
	EndGlobalSection
	GlobalSection(ExtensibilityGlobals) = postSolution
		SolutionGuid = {85FAA235-F47E-4359-B32C-8FF32883C9E5}
	EndGlobalSection
EndGlobal
